
Microsoft Visual Studio Solution File, Format Version 12.00
# Visual Studio Version 17
VisualStudioVersion = 17.3.32922.545
MinimumVisualStudioVersion = 10.0.40219.1
Project("{9A19103F-16F7-4668-BE54-9A1E7A4F7556}") = "Task", "Task.csproj", "{65955E14-DB9C-48B0-A116-A0EACEF6A2D9}"
EndProject
Project("{FAE04EC0-301F-11D3-BF4B-00C04F79EFBC}") = "Task.Tests", "..\Task.Tests\Task.Tests.csproj", "{AA60BC14-6482-43F8-99C4-EE17DE69A107}"
EndProject
Global
	GlobalSection(SolutionConfigurationPlatforms) = preSolution
		Debug|Any CPU = Debug|Any CPU
		Release|Any CPU = Release|Any CPU
	EndGlobalSection
	GlobalSection(ProjectConfigurationPlatforms) = postSolution
		{65955E14-DB9C-48B0-A116-A0EACEF6A2D9}.Debug|Any CPU.ActiveCfg = Debug|Any CPU
		{65955E14-DB9C-48B0-A116-A0EACEF6A2D9}.Debug|Any CPU.Build.0 = Debug|Any CPU
		{65955E14-DB9C-48B0-A116-A0EACEF6A2D9}.Release|Any CPU.ActiveCfg = Release|Any CPU
		{65955E14-DB9C-48B0-A116-A0EACEF6A2D9}.Release|Any CPU.Build.0 = Release|Any CPU
		{AA60BC14-6482-43F8-99C4-EE17DE69A107}.Debug|Any CPU.ActiveCfg = Debug|Any CPU
		{AA60BC14-6482-43F8-99C4-EE17DE69A107}.Debug|Any CPU.Build.0 = Debug|Any CPU
		{AA60BC14-6482-43F8-99C4-EE17DE69A107}.Release|Any CPU.ActiveCfg = Release|Any CPU
		{AA60BC14-6482-43F8-99C4-EE17DE69A107}.Release|Any CPU.Build.0 = Release|Any CPU
	EndGlobalSection
	GlobalSection(SolutionProperties) = preSolution
		HideSolutionNode = FALSE
	EndGlobalSection
	GlobalSection(ExtensibilityGlobals) = postSolution
		SolutionGuid = {4A42F799-CAED-4E6A-88C8-3BEA680E6954}
	EndGlobalSection
EndGlobal
